
Microsoft Visual Studio Solution File, Format Version 12.00
# Visual Studio Version 17
VisualStudioVersion = 17.7.34202.233
MinimumVisualStudioVersion = 10.0.40219.1
Project("{FAE04EC0-301F-11D3-BF4B-00C04F79EFBC}") = "CadastreCustomer", "CadastreCustomer\CadastreCustomer.csproj", "{8A0C827F-6A26-4CC4-85B1-45EC142BAE90}"
EndProject
Global
	GlobalSection(SolutionConfigurationPlatforms) = preSolution
		Debug|Any CPU = Debug|Any CPU
		Release|Any CPU = Release|Any CPU
	EndGlobalSection
	GlobalSection(ProjectConfigurationPlatforms) = postSolution
		{8A0C827F-6A26-4CC4-85B1-45EC142BAE90}.Debug|Any CPU.ActiveCfg = Debug|Any CPU
		{8A0C827F-6A26-4CC4-85B1-45EC142BAE90}.Debug|Any CPU.Build.0 = Debug|Any CPU
		{8A0C827F-6A26-4CC4-85B1-45EC142BAE90}.Release|Any CPU.ActiveCfg = Release|Any CPU
		{8A0C827F-6A26-4CC4-85B1-45EC142BAE90}.Release|Any CPU.Build.0 = Release|Any CPU
	EndGlobalSection
	GlobalSection(SolutionProperties) = preSolution
		HideSolutionNode = FALSE
	EndGlobalSection
	GlobalSection(ExtensibilityGlobals) = postSolution
		SolutionGuid = {8AA6021F-B6FA-4F16-BA46-797AAE1D06CC}
	EndGlobalSection
EndGlobal
